{
  "name": "victorwinberg",
  "version": "1.0.0",
  "lockfileVersion": 2,
  "requires": true,
  "packages": {
    "": {
      "name": "victorwinberg",
      "version": "1.0.0",
      "license": "ISC",
      "dependencies": {
        "mnemonic-id": "^3.2.7",
        "txtgen": "^3.0.6"
      },
      "devDependencies": {}
    },
    "node_modules/mnemonic-id": {
      "version": "3.2.7",
      "resolved": "https://registry.npmjs.org/mnemonic-id/-/mnemonic-id-3.2.7.tgz",
      "integrity": "sha512-kysx9gAGbvrzuFYxKkcRjnsg/NK61ovJOV4F1cHTRl9T5leg+bo6WI0pWIvOFh1Z/yDL0cjA5R3EEGPPLDv/XA=="
    },
    "node_modules/txtgen": {
      "version": "3.0.6",
      "resolved": "https://registry.npmjs.org/txtgen/-/txtgen-3.0.6.tgz",
      "integrity": "sha512-5beXLv3Z6VYtoefq9tUny0tKx2qB03MXkoSJQhMcvqdt+ZN5XL26o1Wa5TsCUWYLEm9caJK5LvMQu5cJEUUtOw==",
      "engines": {
        "node": ">= 14"
      }
    }
  },
  "dependencies": {
    "mnemonic-id": {
      "version": "3.2.7",
      "resolved": "https://registry.npmjs.org/mnemonic-id/-/mnemonic-id-3.2.7.tgz",
      "integrity": "sha512-kysx9gAGbvrzuFYxKkcRjnsg/NK61ovJOV4F1cHTRl9T5leg+bo6WI0pWIvOFh1Z/yDL0cjA5R3EEGPPLDv/XA=="
    },
    "txtgen": {
      "version": "3.0.6",
      "resolved": "https://registry.npmjs.org/txtgen/-/txtgen-3.0.6.tgz",
      "integrity": "sha512-5beXLv3Z6VYtoefq9tUny0tKx2qB03MXkoSJQhMcvqdt+ZN5XL26o1Wa5TsCUWYLEm9caJK5LvMQu5cJEUUtOw=="
    }
  }
}
